// !$*UTF8*$!
{
	archiveVersion = 1;
	classes = {
	};
	objectVersion = 56;
	objects = {

/* Begin PBXBuildFile section */
		CB31DDF62916B81200102ACA /* AppointmentDetailView.swift in Sources */ = {isa = PBXBuildFile; fileRef = CB31DDF52916B81200102ACA /* AppointmentDetailView.swift */; };
		CB3DCCA229160CF200BACF83 /* Movemedical_JohnLollarApp.swift in Sources */ = {isa = PBXBuildFile; fileRef = CB3DCCA129160CF200BACF83 /* Movemedical_JohnLollarApp.swift */; };
		CB3DCCA429160CF200BACF83 /* AppointmentListView.swift in Sources */ = {isa = PBXBuildFile; fileRef = CB3DCCA329160CF200BACF83 /* AppointmentListView.swift */; };
		CB3DCCA629160CF300BACF83 /* Assets.xcassets in Resources */ = {isa = PBXBuildFile; fileRef = CB3DCCA529160CF300BACF83 /* Assets.xcassets */; };
		CB3DCCA929160CF300BACF83 /* Preview Assets.xcassets in Resources */ = {isa = PBXBuildFile; fileRef = CB3DCCA829160CF300BACF83 /* Preview Assets.xcassets */; };
		CB4DA9932919B00500039808 /* UIApplication+Ext.swift in Sources */ = {isa = PBXBuildFile; fileRef = CB4DA9922919B00500039808 /* UIApplication+Ext.swift */; };
		CBD7005B2918972E00B6E384 /* Date+Ext.swift in Sources */ = {isa = PBXBuildFile; fileRef = CBD7005A2918972E00B6E384 /* Date+Ext.swift */; };
		CBD7005D2918977F00B6E384 /* Appointment.swift in Sources */ = {isa = PBXBuildFile; fileRef = CBD7005C2918977F00B6E384 /* Appointment.swift */; };
		CBD7005F291897AD00B6E384 /* AppointmentSection.swift in Sources */ = {isa = PBXBuildFile; fileRef = CBD7005E291897AD00B6E384 /* AppointmentSection.swift */; };
		CBD700612918980400B6E384 /* AppointmentDictionary.swift in Sources */ = {isa = PBXBuildFile; fileRef = CBD700602918980400B6E384 /* AppointmentDictionary.swift */; };
/* End PBXBuildFile section */

/* Begin PBXFileReference section */
		CB31DDF52916B81200102ACA /* AppointmentDetailView.swift */ = {isa = PBXFileReference; lastKnownFileType = sourcecode.swift; path = AppointmentDetailView.swift; sourceTree = "<group>"; };
		CB3DCC9E29160CF200BACF83 /* Movemedical-JohnLollar.app */ = {isa = PBXFileReference; explicitFileType = wrapper.application; includeInIndex = 0; path = "Movemedical-JohnLollar.app"; sourceTree = BUILT_PRODUCTS_DIR; };
		CB3DCCA129160CF200BACF83 /* Movemedical_JohnLollarApp.swift */ = {isa = PBXFileReference; lastKnownFileType = sourcecode.swift; path = Movemedical_JohnLollarApp.swift; sourceTree = "<group>"; };
		CB3DCCA329160CF200BACF83 /* AppointmentListView.swift */ = {isa = PBXFileReference; lastKnownFileType = sourcecode.swift; path = AppointmentListView.swift; sourceTree = "<group>"; };
		CB3DCCA529160CF300BACF83 /* Assets.xcassets */ = {isa = PBXFileReference; lastKnownFileType = folder.assetcatalog; path = Assets.xcassets; sourceTree = "<group>"; };
		CB3DCCA829160CF300BACF83 /* Preview Assets.xcassets */ = {isa = PBXFileReference; lastKnownFileType = folder.assetcatalog; path = "Preview Assets.xcassets"; sourceTree = "<group>"; };
		CB4DA9922919B00500039808 /* UIApplication+Ext.swift */ = {isa = PBXFileReference; lastKnownFileType = sourcecode.swift; path = "UIApplication+Ext.swift"; sourceTree = "<group>"; };
		CBD7005A2918972E00B6E384 /* Date+Ext.swift */ = {isa = PBXFileReference; lastKnownFileType = sourcecode.swift; path = "Date+Ext.swift"; sourceTree = "<group>"; };
		CBD7005C2918977F00B6E384 /* Appointment.swift */ = {isa = PBXFileReference; lastKnownFileType = sourcecode.swift; path = Appointment.swift; sourceTree = "<group>"; };
		CBD7005E291897AD00B6E384 /* AppointmentSection.swift */ = {isa = PBXFileReference; lastKnownFileType = sourcecode.swift; path = AppointmentSection.swift; sourceTree = "<group>"; };
		CBD700602918980400B6E384 /* AppointmentDictionary.swift */ = {isa = PBXFileReference; lastKnownFileType = sourcecode.swift; path = AppointmentDictionary.swift; sourceTree = "<group>"; };
/* End PBXFileReference section */

/* Begin PBXFrameworksBuildPhase section */
		CB3DCC9B29160CF200BACF83 /* Frameworks */ = {
			isa = PBXFrameworksBuildPhase;
			buildActionMask = 2147483647;
			files = (
			);
			runOnlyForDeploymentPostprocessing = 0;
		};
/* End PBXFrameworksBuildPhase section */

/* Begin PBXGroup section */
		CB3DCC9529160CF200BACF83 = {
			isa = PBXGroup;
			children = (
				CB3DCCA029160CF200BACF83 /* Movemedical-JohnLollar */,
				CB3DCC9F29160CF200BACF83 /* Products */,
			);
			sourceTree = "<group>";
		};
		CB3DCC9F29160CF200BACF83 /* Products */ = {
			isa = PBXGroup;
			children = (
				CB3DCC9E29160CF200BACF83 /* Movemedical-JohnLollar.app */,
			);
			name = Products;
			sourceTree = "<group>";
		};
		CB3DCCA029160CF200BACF83 /* Movemedical-JohnLollar */ = {
			isa = PBXGroup;
			children = (
				CB3DCCA129160CF200BACF83 /* Movemedical_JohnLollarApp.swift */,
				CBD700622918A47D00B6E384 /* Models */,
				CBD700642918A4B300B6E384 /* Views */,
				CBD700692918D5F200B6E384 /* ViewModels */,
				CBD700632918A49300B6E384 /* Extensions */,
				CB3DCCA729160CF300BACF83 /* Preview Content */,
				CB3DCCA529160CF300BACF83 /* Assets.xcassets */,
			);
			path = "Movemedical-JohnLollar";
			sourceTree = "<group>";
		};
		CB3DCCA729160CF300BACF83 /* Preview Content */ = {
			isa = PBXGroup;
			children = (
				CB3DCCA829160CF300BACF83 /* Preview Assets.xcassets */,
			);
			path = "Preview Content";
			sourceTree = "<group>";
		};
		CBD700622918A47D00B6E384 /* Models */ = {
			isa = PBXGroup;
			children = (
				CBD7005C2918977F00B6E384 /* Appointment.swift */,
				CBD7005E291897AD00B6E384 /* AppointmentSection.swift */,
			);
			path = Models;
			sourceTree = "<group>";
		};
		CBD700632918A49300B6E384 /* Extensions */ = {
			isa = PBXGroup;
			children = (
				CBD7005A2918972E00B6E384 /* Date+Ext.swift */,
				CB4DA9922919B00500039808 /* UIApplication+Ext.swift */,
			);
			path = Extensions;
			sourceTree = "<group>";
		};
		CBD700642918A4B300B6E384 /* Views */ = {
			isa = PBXGroup;
			children = (
				CB3DCCA329160CF200BACF83 /* AppointmentListView.swift */,
				CB31DDF52916B81200102ACA /* AppointmentDetailView.swift */,
			);
			path = Views;
			sourceTree = "<group>";
		};
		CBD700692918D5F200B6E384 /* ViewModels */ = {
			isa = PBXGroup;
			children = (
				CBD700602918980400B6E384 /* AppointmentDictionary.swift */,
			);
			path = ViewModels;
			sourceTree = "<group>";
		};
/* End PBXGroup section */

/* Begin PBXNativeTarget section */
		CB3DCC9D29160CF200BACF83 /* Movemedical-JohnLollar */ = {
			isa = PBXNativeTarget;
			buildConfigurationList = CB3DCCAC29160CF300BACF83 /* Build configuration list for PBXNativeTarget "Movemedical-JohnLollar" */;
			buildPhases = (
				CB3DCC9A29160CF200BACF83 /* Sources */,
				CB3DCC9B29160CF200BACF83 /* Frameworks */,
				CB3DCC9C29160CF200BACF83 /* Resources */,
			);
			buildRules = (
			);
			dependencies = (
			);
			name = "Movemedical-JohnLollar";
			productName = "Movemedical-JohnLollar";
			productReference = CB3DCC9E29160CF200BACF83 /* Movemedical-JohnLollar.app */;
			productType = "com.apple.product-type.application";
		};
/* End PBXNativeTarget section */

/* Begin PBXProject section */
		CB3DCC9629160CF200BACF83 /* Project object */ = {
			isa = PBXProject;
			attributes = {
				BuildIndependentTargetsInParallel = 1;
				LastSwiftUpdateCheck = 1400;
				LastUpgradeCheck = 1400;
				TargetAttributes = {
					CB3DCC9D29160CF200BACF83 = {
						CreatedOnToolsVersion = 14.0;
					};
				};
			};
			buildConfigurationList = CB3DCC9929160CF200BACF83 /* Build configuration list for PBXProject "Movemedical-JohnLollar" */;
			compatibilityVersion = "Xcode 14.0";
			developmentRegion = en;
			hasScannedForEncodings = 0;
			knownRegions = (
				en,
				Base,
			);
			mainGroup = CB3DCC9529160CF200BACF83;
			productRefGroup = CB3DCC9F29160CF200BACF83 /* Products */;
			projectDirPath = "";
			projectRoot = "";
			targets = (
				CB3DCC9D29160CF200BACF83 /* Movemedical-JohnLollar */,
			);
		};
/* End PBXProject section */

/* Begin PBXResourcesBuildPhase section */
		CB3DCC9C29160CF200BACF83 /* Resources */ = {
			isa = PBXResourcesBuildPhase;
			buildActionMask = 2147483647;
			files = (
				CB3DCCA929160CF300BACF83 /* Preview Assets.xcassets in Resources */,
				CB3DCCA629160CF300BACF83 /* Assets.xcassets in Resources */,
			);
			runOnlyForDeploymentPostprocessing = 0;
		};
/* End PBXResourcesBuildPhase section */

/* Begin PBXSourcesBuildPhase section */
		CB3DCC9A29160CF200BACF83 /* Sources */ = {
			isa = PBXSourcesBuildPhase;
			buildActionMask = 2147483647;
			files = (
				CB4DA9932919B00500039808 /* UIApplication+Ext.swift in Sources */,
				CBD700612918980400B6E384 /* AppointmentDictionary.swift in Sources */,
				CB3DCCA429160CF200BACF83 /* AppointmentListView.swift in Sources */,
				CB3DCCA229160CF200BACF83 /* Movemedical_JohnLollarApp.swift in Sources */,
				CB31DDF62916B81200102ACA /* AppointmentDetailView.swift in Sources */,
				CBD7005F291897AD00B6E384 /* AppointmentSection.swift in Sources */,
				CBD7005B2918972E00B6E384 /* Date+Ext.swift in Sources */,
				CBD7005D2918977F00B6E384 /* Appointment.swift in Sources */,
			);
			runOnlyForDeploymentPostprocessing = 0;
		};
/* End PBXSourcesBuildPhase section */

/* Begin XCBuildConfiguration section */
		CB3DCCAA29160CF300BACF83 /* Debug */ = {
			isa = XCBuildConfiguration;
			buildSettings = {
				ALWAYS_SEARCH_USER_PATHS = NO;
				CLANG_ANALYZER_NONNULL = YES;
				CLANG_ANALYZER_NUMBER_OBJECT_CONVERSION = YES_AGGRESSIVE;
				CLANG_CXX_LANGUAGE_STANDARD = "gnu++20";
				CLANG_ENABLE_MODULES = YES;
				CLANG_ENABLE_OBJC_ARC = YES;
				CLANG_ENABLE_OBJC_WEAK = YES;
				CLANG_WARN_BLOCK_CAPTURE_AUTORELEASING = YES;
				CLANG_WARN_BOOL_CONVERSION = YES;
				CLANG_WARN_COMMA = YES;
				CLANG_WARN_CONSTANT_CONVERSION = YES;
				CLANG_WARN_DEPRECATED_OBJC_IMPLEMENTATIONS = YES;
				CLANG_WARN_DIRECT_OBJC_ISA_USAGE = YES_ERROR;
				CLANG_WARN_DOCUMENTATION_COMMENTS = YES;
				CLANG_WARN_EMPTY_BODY = YES;
				CLANG_WARN_ENUM_CONVERSION = YES;
				CLANG_WARN_INFINITE_RECURSION = YES;
				CLANG_WARN_INT_CONVERSION = YES;
				CLANG_WARN_NON_LITERAL_NULL_CONVERSION = YES;
				CLANG_WARN_OBJC_IMPLICIT_RETAIN_SELF = YES;
				CLANG_WARN_OBJC_LITERAL_CONVERSION = YES;
				CLANG_WARN_OBJC_ROOT_CLASS = YES_ERROR;
				CLANG_WARN_QUOTED_INCLUDE_IN_FRAMEWORK_HEADER = YES;
				CLANG_WARN_RANGE_LOOP_ANALYSIS = YES;
				CLANG_WARN_STRICT_PROTOTYPES = YES;
				CLANG_WARN_SUSPICIOUS_MOVE = YES;
				CLANG_WARN_UNGUARDED_AVAILABILITY = YES_AGGRESSIVE;
				CLANG_WARN_UNREACHABLE_CODE = YES;
				CLANG_WARN__DUPLICATE_METHOD_MATCH = YES;
				COPY_PHASE_STRIP = NO;
				DEBUG_INFORMATION_FORMAT = dwarf;
				ENABLE_STRICT_OBJC_MSGSEND = YES;
				ENABLE_TESTABILITY = YES;
				GCC_C_LANGUAGE_STANDARD = gnu11;
				GCC_DYNAMIC_NO_PIC = NO;
				GCC_NO_COMMON_BLOCKS = YES;
				GCC_OPTIMIZATION_LEVEL = 0;
				GCC_PREPROCESSOR_DEFINITIONS = (
					"DEBUG=1",
					"$(inherited)",
				);
				GCC_WARN_64_TO_32_BIT_CONVERSION = YES;
				GCC_WARN_ABOUT_RETURN_TYPE = YES_ERROR;
				GCC_WARN_UNDECLARED_SELECTOR = YES;
				GCC_WARN_UNINITIALIZED_AUTOS = YES_AGGRESSIVE;
				GCC_WARN_UNUSED_FUNCTION = YES;
				GCC_WARN_UNUSED_VARIABLE = YES;
				IPHONEOS_DEPLOYMENT_TARGET = 16.0;
				MTL_ENABLE_DEBUG_INFO = INCLUDE_SOURCE;
				MTL_FAST_MATH = YES;
				ONLY_ACTIVE_ARCH = YES;
				SDKROOT = iphoneos;
				SWIFT_ACTIVE_COMPILATION_CONDITIONS = DEBUG;
				SWIFT_OPTIMIZATION_LEVEL = "-Onone";
			};
			name = Debug;
		};
		CB3DCCAB29160CF300BACF83 /* Release */ = {
			isa = XCBuildConfiguration;
			buildSettings = {
				ALWAYS_SEARCH_USER_PATHS = NO;
				CLANG_ANALYZER_NONNULL = YES;
				CLANG_ANALYZER_NUMBER_OBJECT_CONVERSION = YES_AGGRESSIVE;
				CLANG_CXX_LANGUAGE_STANDARD = "gnu++20";
				CLANG_ENABLE_MODULES = YES;
				CLANG_ENABLE_OBJC_ARC = YES;
				CLANG_ENABLE_OBJC_WEAK = YES;
				CLANG_WARN_BLOCK_CAPTURE_AUTORELEASING = YES;
				CLANG_WARN_BOOL_CONVERSION = YES;
				CLANG_WARN_COMMA = YES;
				CLANG_WARN_CONSTANT_CONVERSION = YES;
				CLANG_WARN_DEPRECATED_OBJC_IMPLEMENTATIONS = YES;
				CLANG_WARN_DIRECT_OBJC_ISA_USAGE = YES_ERROR;
				CLANG_WARN_DOCUMENTATION_COMMENTS = YES;
				CLANG_WARN_EMPTY_BODY = YES;
				CLANG_WARN_ENUM_CONVERSION = YES;
				CLANG_WARN_INFINITE_RECURSION = YES;
				CLANG_WARN_INT_CONVERSION = YES;
				CLANG_WARN_NON_LITERAL_NULL_CONVERSION = YES;
				CLANG_WARN_OBJC_IMPLICIT_RETAIN_SELF = YES;
				CLANG_WARN_OBJC_LITERAL_CONVERSION = YES;
				CLANG_WARN_OBJC_ROOT_CLASS = YES_ERROR;
				CLANG_WARN_QUOTED_INCLUDE_IN_FRAMEWORK_HEADER = YES;
				CLANG_WARN_RANGE_LOOP_ANALYSIS = YES;
				CLANG_WARN_STRICT_PROTOTYPES = YES;
				CLANG_WARN_SUSPICIOUS_MOVE = YES;
				CLANG_WARN_UNGUARDED_AVAILABILITY = YES_AGGRESSIVE;
				CLANG_WARN_UNREACHABLE_CODE = YES;
				CLANG_WARN__DUPLICATE_METHOD_MATCH = YES;
				COPY_PHASE_STRIP = NO;
				DEBUG_INFORMATION_FORMAT = "dwarf-with-dsym";
				ENABLE_NS_ASSERTIONS = NO;
				ENABLE_STRICT_OBJC_MSGSEND = YES;
				GCC_C_LANGUAGE_STANDARD = gnu11;
				GCC_NO_COMMON_BLOCKS = YES;
				GCC_WARN_64_TO_32_BIT_CONVERSION = YES;
				GCC_WARN_ABOUT_RETURN_TYPE = YES_ERROR;
				GCC_WARN_UNDECLARED_SELECTOR = YES;
				GCC_WARN_UNINITIALIZED_AUTOS = YES_AGGRESSIVE;
				GCC_WARN_UNUSED_FUNCTION = YES;
				GCC_WARN_UNUSED_VARIABLE = YES;
				IPHONEOS_DEPLOYMENT_TARGET = 16.0;
				MTL_ENABLE_DEBUG_INFO = NO;
				MTL_FAST_MATH = YES;
				SDKROOT = iphoneos;
				SWIFT_COMPILATION_MODE = wholemodule;
				SWIFT_OPTIMIZATION_LEVEL = "-O";
				VALIDATE_PRODUCT = YES;
			};
			name = Release;
		};
		CB3DCCAD29160CF300BACF83 /* Debug */ = {
			isa = XCBuildConfiguration;
			buildSettings = {
				ASSETCATALOG_COMPILER_APPICON_NAME = AppIcon;
				ASSETCATALOG_COMPILER_GLOBAL_ACCENT_COLOR_NAME = AccentColor;
				CODE_SIGN_STYLE = Automatic;
				CURRENT_PROJECT_VERSION = 1;
				DEVELOPMENT_ASSET_PATHS = "\"Movemedical-JohnLollar/Preview Content\"";
				DEVELOPMENT_TEAM = Y58Z2JJ8PD;
				ENABLE_PREVIEWS = YES;
				GENERATE_INFOPLIST_FILE = YES;
				INFOPLIST_KEY_UIApplicationSceneManifest_Generation = YES;
				INFOPLIST_KEY_UIApplicationSupportsIndirectInputEvents = YES;
				INFOPLIST_KEY_UILaunchScreen_Generation = YES;
				INFOPLIST_KEY_UISupportedInterfaceOrientations_iPad = "UIInterfaceOrientationPortrait UIInterfaceOrientationPortraitUpsideDown UIInterfaceOrientationLandscapeLeft UIInterfaceOrientationLandscapeRight";
				INFOPLIST_KEY_UISupportedInterfaceOrientations_iPhone = "UIInterfaceOrientationPortrait UIInterfaceOrientationLandscapeLeft UIInterfaceOrientationLandscapeRight";
				LD_RUNPATH_SEARCH_PATHS = (
					"$(inherited)",
					"@executable_path/Frameworks",
				);
				MARKETING_VERSION = 1.0;
				PRODUCT_BUNDLE_IDENTIFIER = "com.parkingpal.Movemedical-JohnLollar";
				PRODUCT_NAME = "$(TARGET_NAME)";
				SWIFT_EMIT_LOC_STRINGS = YES;
				SWIFT_VERSION = 5.0;
				TARGETED_DEVICE_FAMILY = "1,2";
			};
			name = Debug;
		};
		CB3DCCAE29160CF300BACF83 /* Release */ = {
			isa = XCBuildConfiguration;
			buildSettings = {
				ASSETCATALOG_COMPILER_APPICON_NAME = AppIcon;
				ASSETCATALOG_COMPILER_GLOBAL_ACCENT_COLOR_NAME = AccentColor;
				CODE_SIGN_STYLE = Automatic;
				CURRENT_PROJECT_VERSION = 1;
				DEVELOPMENT_ASSET_PATHS = "\"Movemedical-JohnLollar/Preview Content\"";
				DEVELOPMENT_TEAM = Y58Z2JJ8PD;
				ENABLE_PREVIEWS = YES;
				GENERATE_INFOPLIST_FILE = YES;
				INFOPLIST_KEY_UIApplicationSceneManifest_Generation = YES;
				INFOPLIST_KEY_UIApplicationSupportsIndirectInputEvents = YES;
				INFOPLIST_KEY_UILaunchScreen_Generation = YES;
				INFOPLIST_KEY_UISupportedInterfaceOrientations_iPad = "UIInterfaceOrientationPortrait UIInterfaceOrientationPortraitUpsideDown UIInterfaceOrientationLandscapeLeft UIInterfaceOrientationLandscapeRight";
				INFOPLIST_KEY_UISupportedInterfaceOrientations_iPhone = "UIInterfaceOrientationPortrait UIInterfaceOrientationLandscapeLeft UIInterfaceOrientationLandscapeRight";
				LD_RUNPATH_SEARCH_PATHS = (
					"$(inherited)",
					"@executable_path/Frameworks",
				);
				MARKETING_VERSION = 1.0;
				PRODUCT_BUNDLE_IDENTIFIER = "com.parkingpal.Movemedical-JohnLollar";
				PRODUCT_NAME = "$(TARGET_NAME)";
				SWIFT_EMIT_LOC_STRINGS = YES;
				SWIFT_VERSION = 5.0;
				TARGETED_DEVICE_FAMILY = "1,2";
			};
			name = Release;
		};
/* End XCBuildConfiguration section */

/* Begin XCConfigurationList section */
		CB3DCC9929160CF200BACF83 /* Build configuration list for PBXProject "Movemedical-JohnLollar" */ = {
			isa = XCConfigurationList;
			buildConfigurations = (
				CB3DCCAA29160CF300BACF83 /* Debug */,
				CB3DCCAB29160CF300BACF83 /* Release */,
			);
			defaultConfigurationIsVisible = 0;
			defaultConfigurationName = Release;
		};
		CB3DCCAC29160CF300BACF83 /* Build configuration list for PBXNativeTarget "Movemedical-JohnLollar" */ = {
			isa = XCConfigurationList;
			buildConfigurations = (
				CB3DCCAD29160CF300BACF83 /* Debug */,
				CB3DCCAE29160CF300BACF83 /* Release */,
			);
			defaultConfigurationIsVisible = 0;
			defaultConfigurationName = Release;
		};
/* End XCConfigurationList section */
	};
	rootObject = CB3DCC9629160CF200BACF83 /* Project object */;
}
